
Microsoft Visual Studio Solution File, Format Version 12.00
# Visual Studio Version 17
VisualStudioVersion = 17.10.34928.147
MinimumVisualStudioVersion = 10.0.40219.1
Project("{FAE04EC0-301F-11D3-BF4B-00C04F79EFBC}") = "project9_cohort4.Server", "project9_cohort4.Server\project9_cohort4.Server.csproj", "{6F9ECF21-09FF-409A-86AA-6949702F44C1}"
EndProject
Project("{54A90642-561A-4BB1-A94E-469ADEE60C69}") = "project9_cohort4.client", "project9_cohort4.client\project9_cohort4.client.esproj", "{A12FCC54-D023-453B-B605-C4AE8DAC23D9}"
EndProject
Global
	GlobalSection(SolutionConfigurationPlatforms) = preSolution
		Debug|Any CPU = Debug|Any CPU
		Release|Any CPU = Release|Any CPU
	EndGlobalSection
	GlobalSection(ProjectConfigurationPlatforms) = postSolution
		{6F9ECF21-09FF-409A-86AA-6949702F44C1}.Debug|Any CPU.ActiveCfg = Debug|Any CPU
		{6F9ECF21-09FF-409A-86AA-6949702F44C1}.Debug|Any CPU.Build.0 = Debug|Any CPU
		{6F9ECF21-09FF-409A-86AA-6949702F44C1}.Release|Any CPU.ActiveCfg = Release|Any CPU
		{6F9ECF21-09FF-409A-86AA-6949702F44C1}.Release|Any CPU.Build.0 = Release|Any CPU
		{A12FCC54-D023-453B-B605-C4AE8DAC23D9}.Debug|Any CPU.ActiveCfg = Debug|Any CPU
		{A12FCC54-D023-453B-B605-C4AE8DAC23D9}.Debug|Any CPU.Build.0 = Debug|Any CPU
		{A12FCC54-D023-453B-B605-C4AE8DAC23D9}.Debug|Any CPU.Deploy.0 = Debug|Any CPU
		{A12FCC54-D023-453B-B605-C4AE8DAC23D9}.Release|Any CPU.ActiveCfg = Release|Any CPU
		{A12FCC54-D023-453B-B605-C4AE8DAC23D9}.Release|Any CPU.Build.0 = Release|Any CPU
		{A12FCC54-D023-453B-B605-C4AE8DAC23D9}.Release|Any CPU.Deploy.0 = Release|Any CPU
	EndGlobalSection
	GlobalSection(SolutionProperties) = preSolution
		HideSolutionNode = FALSE
	EndGlobalSection
	GlobalSection(ExtensibilityGlobals) = postSolution
		SolutionGuid = {764BA3E1-FA71-4679-9A7E-3DDFF71D6BA8}
	EndGlobalSection
EndGlobal
